{
	"name": "@laferil/angular-date-picker",
	"version": "1.0.5",
	"lockfileVersion": 3,
	"requires": true,
	"packages": {
		"": {
			"name": "@laferil/angular-date-picker",
			"version": "1.0.5",
			"license": "MIT",
			"dependencies": {
				"@laferil/daterangepicker": "^3.1.1",
				"tslib": "^2.5.0"
			},
			"peerDependencies": {
				"@angular/common": "^18.1.4",
				"@angular/core": "^18.1.4",
				"@types/jquery": "^3.5.16",
				"jquery": "^3.6.4"
			}
		},
		"node_modules/@angular/common": {
			"version": "18.1.4",
			"resolved": "https://registry.npmjs.org/@angular/common/-/common-18.1.4.tgz",
			"integrity": "sha512-No4lCrL80WlAGg0DAyuPW+jsfA6EIQ06CFrRgt3R6YFrKbIuU0NKUt+D8IB7UNgTLNYXmurxapNf8jef8rq1wg==",
			"peer": true,
			"dependencies": {
				"tslib": "^2.3.0"
			},
			"engines": {
				"node": "^18.19.1 || ^20.11.1 || >=22.0.0"
			},
			"peerDependencies": {
				"@angular/core": "18.1.4",
				"rxjs": "^6.5.3 || ^7.4.0"
			}
		},
		"node_modules/@angular/core": {
			"version": "18.1.4",
			"resolved": "https://registry.npmjs.org/@angular/core/-/core-18.1.4.tgz",
			"integrity": "sha512-+N3oWYFubT3GdCkBfD/CmH4DGjr/fGFQZChWbph2ZuPpK7JYNgfyvXS4SjLtdL4WTjjBevBTgR70GyLH/5EbKA==",
			"peer": true,
			"dependencies": {
				"tslib": "^2.3.0"
			},
			"engines": {
				"node": "^18.19.1 || ^20.11.1 || >=22.0.0"
			},
			"peerDependencies": {
				"rxjs": "^6.5.3 || ^7.4.0",
				"zone.js": "~0.14.0"
			}
		},
		"node_modules/@laferil/daterangepicker": {
			"version": "3.1.1",
			"resolved": "https://registry.npmjs.org/@laferil/daterangepicker/-/daterangepicker-3.1.1.tgz",
			"integrity": "sha512-DIun4aJqgR4pTXaOCyl9lYN3SK+4s79wnTsmuax4znmHcdxfPNHbi2QPXU7hZ2Y9xWiCm8dV1ax100NIUJHKYA==",
			"dependencies": {
				"jquery": ">=1.10",
				"moment": "^2.9.0"
			}
		},
		"node_modules/@types/jquery": {
			"version": "3.5.30",
			"resolved": "https://registry.npmjs.org/@types/jquery/-/jquery-3.5.30.tgz",
			"integrity": "sha512-nbWKkkyb919DOUxjmRVk8vwtDb0/k8FKncmUKFi+NY+QXqWltooxTrswvz4LspQwxvLdvzBN1TImr6cw3aQx2A==",
			"peer": true,
			"dependencies": {
				"@types/sizzle": "*"
			}
		},
		"node_modules/@types/sizzle": {
			"version": "2.3.8",
			"resolved": "https://registry.npmjs.org/@types/sizzle/-/sizzle-2.3.8.tgz",
			"integrity": "sha512-0vWLNK2D5MT9dg0iOo8GlKguPAU02QjmZitPEsXRuJXU/OGIOt9vT9Fc26wtYuavLxtO45v9PGleoL9Z0k1LHg==",
			"peer": true
		},
		"node_modules/jquery": {
			"version": "3.7.1",
			"resolved": "https://registry.npmjs.org/jquery/-/jquery-3.7.1.tgz",
			"integrity": "sha512-m4avr8yL8kmFN8psrbFFFmB/If14iN5o9nw/NgnnM+kybDJpRsAynV2BsfpTYrTRysYUdADVD7CkUUizgkpLfg=="
		},
		"node_modules/moment": {
			"version": "2.30.1",
			"resolved": "https://registry.npmjs.org/moment/-/moment-2.30.1.tgz",
			"integrity": "sha512-uEmtNhbDOrWPFS+hdjFCBfy9f2YoyzRpwcl+DqpC6taX21FzsTLQVbMV/W7PzNSX6x/bhC1zA3c2UQ5NzH6how==",
			"engines": {
				"node": "*"
			}
		},
		"node_modules/rxjs": {
			"version": "7.8.1",
			"resolved": "https://registry.npmjs.org/rxjs/-/rxjs-7.8.1.tgz",
			"integrity": "sha512-AA3TVj+0A2iuIoQkWEK/tqFjBq2j+6PO6Y0zJcvzLAFhEFIO3HL0vls9hWLncZbAAbK0mar7oZ4V079I/qPMxg==",
			"peer": true,
			"dependencies": {
				"tslib": "^2.1.0"
			}
		},
		"node_modules/tslib": {
			"version": "2.6.3",
			"resolved": "https://registry.npmjs.org/tslib/-/tslib-2.6.3.tgz",
			"integrity": "sha512-xNvxJEOUiWPGhUuUdQgAJPKOOJfGnIyKySOc09XkKsgdUV/3E2zvwZYdejjmRgPCgcym1juLH3226yA7sEFJKQ=="
		},
		"node_modules/zone.js": {
			"version": "0.14.10",
			"resolved": "https://registry.npmjs.org/zone.js/-/zone.js-0.14.10.tgz",
			"integrity": "sha512-YGAhaO7J5ywOXW6InXNlLmfU194F8lVgu7bRntUF3TiG8Y3nBK0x1UJJuHUP/e8IyihkjCYqhCScpSwnlaSRkQ==",
			"peer": true
		}
	}
}
